// !$*UTF8*$!
{
	archiveVersion = 1;
	classes = {
	};
	objectVersion = 46;
	objects = {

/* Begin PBXBuildFile section */
		7323739C149A062000D86DFC /* logo.png in Resources */ = {isa = PBXBuildFile; fileRef = 73237398149A062000D86DFC /* logo.png */; };
		7323739D149A062000D86DFC /* logo@2x.png in Resources */ = {isa = PBXBuildFile; fileRef = 73237399149A062000D86DFC /* logo@2x.png */; };
		732373A1149A0B9F00D86DFC /* TouchArea.m in Sources */ = {isa = PBXBuildFile; fileRef = 732373A0149A0B9F00D86DFC /* TouchArea.m */; };
		732373A5149A0C5C00D86DFC /* NSPoint.m in Sources */ = {isa = PBXBuildFile; fileRef = 732373A4149A0C5C00D86DFC /* NSPoint.m */; };
		7328D2E114FBD3DA000525DA /* listen_pressed.png in Resources */ = {isa = PBXBuildFile; fileRef = 7328D2DD14FBD3DA000525DA /* listen_pressed.png */; };
		7328D2E214FBD3DA000525DA /* listen_pressed@2x.png in Resources */ = {isa = PBXBuildFile; fileRef = 7328D2DE14FBD3DA000525DA /* listen_pressed@2x.png */; };
		7328D2E314FBD3DA000525DA /* listen.png in Resources */ = {isa = PBXBuildFile; fileRef = 7328D2DF14FBD3DA000525DA /* listen.png */; };
		7328D2E414FBD3DA000525DA /* listen@2x.png in Resources */ = {isa = PBXBuildFile; fileRef = 7328D2E014FBD3DA000525DA /* listen@2x.png */; };
		734CBFEF14D7EB4600546EAC /* GSQuadrilateral.m in Sources */ = {isa = PBXBuildFile; fileRef = 734CBFEE14D7EB4600546EAC /* GSQuadrilateral.m */; };
		734CBFF314D7F3A200546EAC /* GSTriangle.m in Sources */ = {isa = PBXBuildFile; fileRef = 734CBFF214D7F3A200546EAC /* GSTriangle.m */; };
		735AABF31503C98A00441A5E /* evp_1.wav in Resources */ = {isa = PBXBuildFile; fileRef = 735AABC11503C98A00441A5E /* evp_1.wav */; };
		735AABF41503C98A00441A5E /* evp_2.wav in Resources */ = {isa = PBXBuildFile; fileRef = 735AABC21503C98A00441A5E /* evp_2.wav */; };
		735AABF51503C98A00441A5E /* evp_3.wav in Resources */ = {isa = PBXBuildFile; fileRef = 735AABC31503C98A00441A5E /* evp_3.wav */; };
		735AABF61503C98A00441A5E /* evp_4.wav in Resources */ = {isa = PBXBuildFile; fileRef = 735AABC41503C98A00441A5E /* evp_4.wav */; };
		735AABF71503C98A00441A5E /* evp_5ths_1.wav in Resources */ = {isa = PBXBuildFile; fileRef = 735AABC51503C98A00441A5E /* evp_5ths_1.wav */; };
		735AABF81503C98A00441A5E /* evp_5ths_2.wav in Resources */ = {isa = PBXBuildFile; fileRef = 735AABC61503C98A00441A5E /* evp_5ths_2.wav */; };
		735AABF91503C98A00441A5E /* evp_5ths_3.wav in Resources */ = {isa = PBXBuildFile; fileRef = 735AABC71503C98A00441A5E /* evp_5ths_3.wav */; };
		735AABFA1503C98A00441A5E /* evp_5ths_4.wav in Resources */ = {isa = PBXBuildFile; fileRef = 735AABC81503C98A00441A5E /* evp_5ths_4.wav */; };
		735AABFB1503C98A00441A5E /* evp_odd_1.wav in Resources */ = {isa = PBXBuildFile; fileRef = 735AABC91503C98A00441A5E /* evp_odd_1.wav */; };
		735AABFC1503C98A00441A5E /* evp_odd_2.wav in Resources */ = {isa = PBXBuildFile; fileRef = 735AABCA1503C98A00441A5E /* evp_odd_2.wav */; };
		735AABFD1503C98A00441A5E /* evp_odd_3.wav in Resources */ = {isa = PBXBuildFile; fileRef = 735AABCB1503C98A00441A5E /* evp_odd_3.wav */; };
		735AABFE1503C98A00441A5E /* evp_odd_4.wav in Resources */ = {isa = PBXBuildFile; fileRef = 735AABCC1503C98A00441A5E /* evp_odd_4.wav */; };
		735AABFF1503C98A00441A5E /* 12st_1.wav in Resources */ = {isa = PBXBuildFile; fileRef = 735AABCE1503C98A00441A5E /* 12st_1.wav */; };
		735AAC001503C98A00441A5E /* 12st_2.wav in Resources */ = {isa = PBXBuildFile; fileRef = 735AABCF1503C98A00441A5E /* 12st_2.wav */; };
		735AAC011503C98A00441A5E /* 12st_3.wav in Resources */ = {isa = PBXBuildFile; fileRef = 735AABD01503C98A00441A5E /* 12st_3.wav */; };
		735AAC021503C98A00441A5E /* 12st_4.wav in Resources */ = {isa = PBXBuildFile; fileRef = 735AABD11503C98A00441A5E /* 12st_4.wav */; };
		735AAC031503C98A00441A5E /* 12st_5ths_1.wav in Resources */ = {isa = PBXBuildFile; fileRef = 735AABD21503C98A00441A5E /* 12st_5ths_1.wav */; };
		735AAC041503C98A00441A5E /* 12st_5ths_2.wav in Resources */ = {isa = PBXBuildFile; fileRef = 735AABD31503C98A00441A5E /* 12st_5ths_2.wav */; };
		735AAC051503C98A00441A5E /* 12st_5ths_3.wav in Resources */ = {isa = PBXBuildFile; fileRef = 735AABD41503C98A00441A5E /* 12st_5ths_3.wav */; };
		735AAC061503C98A00441A5E /* 12st_5ths_4.wav in Resources */ = {isa = PBXBuildFile; fileRef = 735AABD51503C98A00441A5E /* 12st_5ths_4.wav */; };
		735AAC071503C98A00441A5E /* 12st_odd_1.wav in Resources */ = {isa = PBXBuildFile; fileRef = 735AABD61503C98A00441A5E /* 12st_odd_1.wav */; };
		735AAC081503C98A00441A5E /* 12st_odd_2.wav in Resources */ = {isa = PBXBuildFile; fileRef = 735AABD71503C98A00441A5E /* 12st_odd_2.wav */; };
		735AAC091503C98A00441A5E /* 12st_odd_3.wav in Resources */ = {isa = PBXBuildFile; fileRef = 735AABD81503C98A00441A5E /* 12st_odd_3.wav */; };
		735AAC0A1503C98A00441A5E /* 12st_odd_4.wav in Resources */ = {isa = PBXBuildFile; fileRef = 735AABD91503C98A00441A5E /* 12st_odd_4.wav */; };
		735AAC0B1503C98A00441A5E /* piano_1.wav in Resources */ = {isa = PBXBuildFile; fileRef = 735AABDB1503C98A00441A5E /* piano_1.wav */; };
		735AAC0C1503C98A00441A5E /* piano_2.wav in Resources */ = {isa = PBXBuildFile; fileRef = 735AABDC1503C98A00441A5E /* piano_2.wav */; };
		735AAC0D1503C98A00441A5E /* piano_3.wav in Resources */ = {isa = PBXBuildFile; fileRef = 735AABDD1503C98A00441A5E /* piano_3.wav */; };
		735AAC0E1503C98A00441A5E /* piano_4.wav in Resources */ = {isa = PBXBuildFile; fileRef = 735AABDE1503C98A00441A5E /* piano_4.wav */; };
		735AAC0F1503C98A00441A5E /* piano_5ths_1.wav in Resources */ = {isa = PBXBuildFile; fileRef = 735AABDF1503C98A00441A5E /* piano_5ths_1.wav */; };
		735AAC101503C98A00441A5E /* piano_5ths_2.wav in Resources */ = {isa = PBXBuildFile; fileRef = 735AABE01503C98A00441A5E /* piano_5ths_2.wav */; };
		735AAC111503C98A00441A5E /* piano_5ths_3.wav in Resources */ = {isa = PBXBuildFile; fileRef = 735AABE11503C98A00441A5E /* piano_5ths_3.wav */; };
		735AAC121503C98A00441A5E /* piano_5ths_4.wav in Resources */ = {isa = PBXBuildFile; fileRef = 735AABE21503C98A00441A5E /* piano_5ths_4.wav */; };
		735AAC131503C98A00441A5E /* piano_odd_1.wav in Resources */ = {isa = PBXBuildFile; fileRef = 735AABE31503C98A00441A5E /* piano_odd_1.wav */; };
		735AAC141503C98A00441A5E /* piano_odd_2.wav in Resources */ = {isa = PBXBuildFile; fileRef = 735AABE41503C98A00441A5E /* piano_odd_2.wav */; };
		735AAC151503C98A00441A5E /* piano_odd_3.wav in Resources */ = {isa = PBXBuildFile; fileRef = 735AABE51503C98A00441A5E /* piano_odd_3.wav */; };
		735AAC161503C98A00441A5E /* piano_odd_4.wav in Resources */ = {isa = PBXBuildFile; fileRef = 735AABE61503C98A00441A5E /* piano_odd_4.wav */; };
		735D0CF314D1C56E000E83FA /* Icon.png in Resources */ = {isa = PBXBuildFile; fileRef = 735D0CF114D1C56E000E83FA /* Icon.png */; };
		735D0CF414D1C56E000E83FA /* Icon@2x.png in Resources */ = {isa = PBXBuildFile; fileRef = 735D0CF214D1C56E000E83FA /* Icon@2x.png */; };
		7360561014FC4671007413CF /* ListenerUI.m in Sources */ = {isa = PBXBuildFile; fileRef = 7360560F14FC4671007413CF /* ListenerUI.m */; };
		736BA7D714D81E0900AF88D9 /* GSStar.m in Sources */ = {isa = PBXBuildFile; fileRef = 736BA7D614D81E0900AF88D9 /* GSStar.m */; };
		7370DE6614E4273F00583DBA /* GSNetworkController.m in Sources */ = {isa = PBXBuildFile; fileRef = 7370DE6514E4273F00583DBA /* GSNetworkController.m */; };
		738701C114D7596400F196AF /* GSCircle.m in Sources */ = {isa = PBXBuildFile; fileRef = 738701C014D7596400F196AF /* GSCircle.m */; };
		738B28EB14F3B27C007A3834 /* CoreAudio.framework in Frameworks */ = {isa = PBXBuildFile; fileRef = 738B28EA14F3B27C007A3834 /* CoreAudio.framework */; };
		738B28ED14F3B285007A3834 /* AudioToolbox.framework in Frameworks */ = {isa = PBXBuildFile; fileRef = 738B28EC14F3B285007A3834 /* AudioToolbox.framework */; };
		738BBCAE14994EA600EF9712 /* UIKit.framework in Frameworks */ = {isa = PBXBuildFile; fileRef = 738BBCAD14994EA600EF9712 /* UIKit.framework */; };
		738BBCB014994EA600EF9712 /* Foundation.framework in Frameworks */ = {isa = PBXBuildFile; fileRef = 738BBCAF14994EA600EF9712 /* Foundation.framework */; };
		738BBCB214994EA600EF9712 /* CoreGraphics.framework in Frameworks */ = {isa = PBXBuildFile; fileRef = 738BBCB114994EA600EF9712 /* CoreGraphics.framework */; };
		738BBCB814994EA600EF9712 /* InfoPlist.strings in Resources */ = {isa = PBXBuildFile; fileRef = 738BBCB614994EA600EF9712 /* InfoPlist.strings */; };
		738BBCBA14994EA600EF9712 /* main.mm in Sources */ = {isa = PBXBuildFile; fileRef = 738BBCB914994EA600EF9712 /* main.mm */; };
		738BBCBE14994EA600EF9712 /* AppDelegate.mm in Sources */ = {isa = PBXBuildFile; fileRef = 738BBCBD14994EA600EF9712 /* AppDelegate.mm */; };
		738BBCC114994EA600EF9712 /* ViewController.m in Sources */ = {isa = PBXBuildFile; fileRef = 738BBCC014994EA600EF9712 /* ViewController.m */; };
		738BBCD41499580300EF9712 /* start.png in Resources */ = {isa = PBXBuildFile; fileRef = 738BBCD21499580300EF9712 /* start.png */; };
		738BBCD51499580300EF9712 /* start@2x.png in Resources */ = {isa = PBXBuildFile; fileRef = 738BBCD31499580300EF9712 /* start@2x.png */; };
		738BBCD81499593D00EF9712 /* start_pressed.png in Resources */ = {isa = PBXBuildFile; fileRef = 738BBCD61499593D00EF9712 /* start_pressed.png */; };
		738BBCD91499593D00EF9712 /* start_pressed@2x.png in Resources */ = {isa = PBXBuildFile; fileRef = 738BBCD71499593D00EF9712 /* start_pressed@2x.png */; };
		738BBCDD1499605900EF9712 /* UserScreen.m in Sources */ = {isa = PBXBuildFile; fileRef = 738BBCDC1499605900EF9712 /* UserScreen.m */; };
		738E99A814FCE73600EB9CF9 /* RemoteMonitor.m in Sources */ = {isa = PBXBuildFile; fileRef = 738E99A714FCE73600EB9CF9 /* RemoteMonitor.m */; };
		73A43B1B14DD5C700019A213 /* exit_button.png in Resources */ = {isa = PBXBuildFile; fileRef = 73A43B1914DD5C700019A213 /* exit_button.png */; };
		73A43B1C14DD5C700019A213 /* exit_button@2x.png in Resources */ = {isa = PBXBuildFile; fileRef = 73A43B1A14DD5C700019A213 /* exit_button@2x.png */; };
		73B3564214D1B48C00EC9EE3 /* Palette.m in Sources */ = {isa = PBXBuildFile; fileRef = 73B3564114D1B48C00EC9EE3 /* Palette.m */; };
		73BADBC4150F563C0097804B /* background.png in Resources */ = {isa = PBXBuildFile; fileRef = 73BADBC2150F563C0097804B /* background.png */; };
		73BADBC5150F563C0097804B /* background@2x.png in Resources */ = {isa = PBXBuildFile; fileRef = 73BADBC3150F563C0097804B /* background@2x.png */; };
		73BADBC7150F59630097804B /* QuartzCore.framework in Frameworks */ = {isa = PBXBuildFile; fileRef = 73BADBC6150F59630097804B /* QuartzCore.framework */; };
		73CB2EFC14DC46F300D4709E /* GSShape.m in Sources */ = {isa = PBXBuildFile; fileRef = 73CB2EFB14DC46F300D4709E /* GSShape.m */; };
		73CB2F0114DC52FD00D4709E /* GSShapePalette.m in Sources */ = {isa = PBXBuildFile; fileRef = 73CB2F0014DC52FD00D4709E /* GSShapePalette.m */; };
		73DF0D1714DE9EF1002C169C /* CAController.mm in Sources */ = {isa = PBXBuildFile; fileRef = 73DF0D1614DE9EF1002C169C /* CAController.mm */; };
		73DF0D2214DEAA29002C169C /* Parameteriser.mm in Sources */ = {isa = PBXBuildFile; fileRef = 73DF0D2114DEAA29002C169C /* Parameteriser.mm */; };
		73E95E3C14E0007A009360AD /* maximilian.cpp in Sources */ = {isa = PBXBuildFile; fileRef = 73E95E3A14E0007A009360AD /* maximilian.cpp */; };
/* End PBXBuildFile section */

/* Begin PBXFileReference section */
		73237398149A062000D86DFC /* logo.png */ = {isa = PBXFileReference; lastKnownFileType = image.png; path = logo.png; sourceTree = "<group>"; };
		73237399149A062000D86DFC /* logo@2x.png */ = {isa = PBXFileReference; lastKnownFileType = image.png; path = "logo@2x.png"; sourceTree = "<group>"; };
		7323739F149A0B9F00D86DFC /* TouchArea.h */ = {isa = PBXFileReference; fileEncoding = 4; lastKnownFileType = sourcecode.c.h; path = TouchArea.h; sourceTree = "<group>"; };
		732373A0149A0B9F00D86DFC /* TouchArea.m */ = {isa = PBXFileReference; fileEncoding = 4; lastKnownFileType = sourcecode.c.objc; path = TouchArea.m; sourceTree = "<group>"; };
		732373A3149A0C5C00D86DFC /* NSPoint.h */ = {isa = PBXFileReference; fileEncoding = 4; lastKnownFileType = sourcecode.c.h; path = NSPoint.h; sourceTree = "<group>"; };
		732373A4149A0C5C00D86DFC /* NSPoint.m */ = {isa = PBXFileReference; fileEncoding = 4; lastKnownFileType = sourcecode.c.objc; path = NSPoint.m; sourceTree = "<group>"; };
		7328D2DD14FBD3DA000525DA /* listen_pressed.png */ = {isa = PBXFileReference; lastKnownFileType = image.png; path = listen_pressed.png; sourceTree = "<group>"; };
		7328D2DE14FBD3DA000525DA /* listen_pressed@2x.png */ = {isa = PBXFileReference; lastKnownFileType = image.png; path = "listen_pressed@2x.png"; sourceTree = "<group>"; };
		7328D2DF14FBD3DA000525DA /* listen.png */ = {isa = PBXFileReference; lastKnownFileType = image.png; path = listen.png; sourceTree = "<group>"; };
		7328D2E014FBD3DA000525DA /* listen@2x.png */ = {isa = PBXFileReference; lastKnownFileType = image.png; path = "listen@2x.png"; sourceTree = "<group>"; };
		732F0309150616CA00B4ED00 /* GSNetworkProtocols.h */ = {isa = PBXFileReference; fileEncoding = 4; lastKnownFileType = sourcecode.c.h; path = GSNetworkProtocols.h; sourceTree = "<group>"; };
		7341794014E144FB00D4AAE2 /* FXDistortion.h */ = {isa = PBXFileReference; fileEncoding = 4; lastKnownFileType = sourcecode.c.h; path = FXDistortion.h; sourceTree = "<group>"; };
		7341794314E145BD00D4AAE2 /* FXFlanger.h */ = {isa = PBXFileReference; lastKnownFileType = sourcecode.c.h; path = FXFlanger.h; sourceTree = "<group>"; };
		734AA41714E1439800990E5A /* FXLibrary.h */ = {isa = PBXFileReference; fileEncoding = 4; lastKnownFileType = sourcecode.c.h; path = FXLibrary.h; sourceTree = "<group>"; };
		734CBFED14D7EB4600546EAC /* GSQuadrilateral.h */ = {isa = PBXFileReference; fileEncoding = 4; lastKnownFileType = sourcecode.c.h; path = GSQuadrilateral.h; sourceTree = "<group>"; };
		734CBFEE14D7EB4600546EAC /* GSQuadrilateral.m */ = {isa = PBXFileReference; fileEncoding = 4; lastKnownFileType = sourcecode.c.objc; path = GSQuadrilateral.m; sourceTree = "<group>"; };
		734CBFF114D7F3A200546EAC /* GSTriangle.h */ = {isa = PBXFileReference; fileEncoding = 4; lastKnownFileType = sourcecode.c.h; path = GSTriangle.h; sourceTree = "<group>"; };
		734CBFF214D7F3A200546EAC /* GSTriangle.m */ = {isa = PBXFileReference; fileEncoding = 4; lastKnownFileType = sourcecode.c.objc; path = GSTriangle.m; sourceTree = "<group>"; };
		735AABC11503C98A00441A5E /* evp_1.wav */ = {isa = PBXFileReference; lastKnownFileType = audio.wav; path = evp_1.wav; sourceTree = "<group>"; };
		735AABC21503C98A00441A5E /* evp_2.wav */ = {isa = PBXFileReference; lastKnownFileType = audio.wav; path = evp_2.wav; sourceTree = "<group>"; };
		735AABC31503C98A00441A5E /* evp_3.wav */ = {isa = PBXFileReference; lastKnownFileType = audio.wav; path = evp_3.wav; sourceTree = "<group>"; };
		735AABC41503C98A00441A5E /* evp_4.wav */ = {isa = PBXFileReference; lastKnownFileType = audio.wav; path = evp_4.wav; sourceTree = "<group>"; };
		735AABC51503C98A00441A5E /* evp_5ths_1.wav */ = {isa = PBXFileReference; lastKnownFileType = audio.wav; path = evp_5ths_1.wav; sourceTree = "<group>"; };
		735AABC61503C98A00441A5E /* evp_5ths_2.wav */ = {isa = PBXFileReference; lastKnownFileType = audio.wav; path = evp_5ths_2.wav; sourceTree = "<group>"; };
		735AABC71503C98A00441A5E /* evp_5ths_3.wav */ = {isa = PBXFileReference; lastKnownFileType = audio.wav; path = evp_5ths_3.wav; sourceTree = "<group>"; };
		735AABC81503C98A00441A5E /* evp_5ths_4.wav */ = {isa = PBXFileReference; lastKnownFileType = audio.wav; path = evp_5ths_4.wav; sourceTree = "<group>"; };
		735AABC91503C98A00441A5E /* evp_odd_1.wav */ = {isa = PBXFileReference; lastKnownFileType = audio.wav; path = evp_odd_1.wav; sourceTree = "<group>"; };
		735AABCA1503C98A00441A5E /* evp_odd_2.wav */ = {isa = PBXFileReference; lastKnownFileType = audio.wav; path = evp_odd_2.wav; sourceTree = "<group>"; };
		735AABCB1503C98A00441A5E /* evp_odd_3.wav */ = {isa = PBXFileReference; lastKnownFileType = audio.wav; path = evp_odd_3.wav; sourceTree = "<group>"; };
		735AABCC1503C98A00441A5E /* evp_odd_4.wav */ = {isa = PBXFileReference; lastKnownFileType = audio.wav; path = evp_odd_4.wav; sourceTree = "<group>"; };
		735AABCE1503C98A00441A5E /* 12st_1.wav */ = {isa = PBXFileReference; lastKnownFileType = audio.wav; path = 12st_1.wav; sourceTree = "<group>"; };
		735AABCF1503C98A00441A5E /* 12st_2.wav */ = {isa = PBXFileReference; lastKnownFileType = audio.wav; path = 12st_2.wav; sourceTree = "<group>"; };
		735AABD01503C98A00441A5E /* 12st_3.wav */ = {isa = PBXFileReference; lastKnownFileType = audio.wav; path = 12st_3.wav; sourceTree = "<group>"; };
		735AABD11503C98A00441A5E /* 12st_4.wav */ = {isa = PBXFileReference; lastKnownFileType = audio.wav; path = 12st_4.wav; sourceTree = "<group>"; };
		735AABD21503C98A00441A5E /* 12st_5ths_1.wav */ = {isa = PBXFileReference; lastKnownFileType = audio.wav; path = 12st_5ths_1.wav; sourceTree = "<group>"; };
		735AABD31503C98A00441A5E /* 12st_5ths_2.wav */ = {isa = PBXFileReference; lastKnownFileType = audio.wav; path = 12st_5ths_2.wav; sourceTree = "<group>"; };
		735AABD41503C98A00441A5E /* 12st_5ths_3.wav */ = {isa = PBXFileReference; lastKnownFileType = audio.wav; path = 12st_5ths_3.wav; sourceTree = "<group>"; };
		735AABD51503C98A00441A5E /* 12st_5ths_4.wav */ = {isa = PBXFileReference; lastKnownFileType = audio.wav; path = 12st_5ths_4.wav; sourceTree = "<group>"; };
		735AABD61503C98A00441A5E /* 12st_odd_1.wav */ = {isa = PBXFileReference; lastKnownFileType = audio.wav; path = 12st_odd_1.wav; sourceTree = "<group>"; };
		735AABD71503C98A00441A5E /* 12st_odd_2.wav */ = {isa = PBXFileReference; lastKnownFileType = audio.wav; path = 12st_odd_2.wav; sourceTree = "<group>"; };
		735AABD81503C98A00441A5E /* 12st_odd_3.wav */ = {isa = PBXFileReference; lastKnownFileType = audio.wav; path = 12st_odd_3.wav; sourceTree = "<group>"; };
		735AABD91503C98A00441A5E /* 12st_odd_4.wav */ = {isa = PBXFileReference; lastKnownFileType = audio.wav; path = 12st_odd_4.wav; sourceTree = "<group>"; };
		735AABDB1503C98A00441A5E /* piano_1.wav */ = {isa = PBXFileReference; lastKnownFileType = audio.wav; path = piano_1.wav; sourceTree = "<group>"; };
		735AABDC1503C98A00441A5E /* piano_2.wav */ = {isa = PBXFileReference; lastKnownFileType = audio.wav; path = piano_2.wav; sourceTree = "<group>"; };
		735AABDD1503C98A00441A5E /* piano_3.wav */ = {isa = PBXFileReference; lastKnownFileType = audio.wav; path = piano_3.wav; sourceTree = "<group>"; };
		735AABDE1503C98A00441A5E /* piano_4.wav */ = {isa = PBXFileReference; lastKnownFileType = audio.wav; path = piano_4.wav; sourceTree = "<group>"; };
		735AABDF1503C98A00441A5E /* piano_5ths_1.wav */ = {isa = PBXFileReference; lastKnownFileType = audio.wav; path = piano_5ths_1.wav; sourceTree = "<group>"; };
		735AABE01503C98A00441A5E /* piano_5ths_2.wav */ = {isa = PBXFileReference; lastKnownFileType = audio.wav; path = piano_5ths_2.wav; sourceTree = "<group>"; };
		735AABE11503C98A00441A5E /* piano_5ths_3.wav */ = {isa = PBXFileReference; lastKnownFileType = audio.wav; path = piano_5ths_3.wav; sourceTree = "<group>"; };
		735AABE21503C98A00441A5E /* piano_5ths_4.wav */ = {isa = PBXFileReference; lastKnownFileType = audio.wav; path = piano_5ths_4.wav; sourceTree = "<group>"; };
		735AABE31503C98A00441A5E /* piano_odd_1.wav */ = {isa = PBXFileReference; lastKnownFileType = audio.wav; path = piano_odd_1.wav; sourceTree = "<group>"; };
		735AABE41503C98A00441A5E /* piano_odd_2.wav */ = {isa = PBXFileReference; lastKnownFileType = audio.wav; path = piano_odd_2.wav; sourceTree = "<group>"; };
		735AABE51503C98A00441A5E /* piano_odd_3.wav */ = {isa = PBXFileReference; lastKnownFileType = audio.wav; path = piano_odd_3.wav; sourceTree = "<group>"; };
		735AABE61503C98A00441A5E /* piano_odd_4.wav */ = {isa = PBXFileReference; lastKnownFileType = audio.wav; path = piano_odd_4.wav; sourceTree = "<group>"; };
		735D0CF114D1C56E000E83FA /* Icon.png */ = {isa = PBXFileReference; lastKnownFileType = image.png; path = Icon.png; sourceTree = "<group>"; };
		735D0CF214D1C56E000E83FA /* Icon@2x.png */ = {isa = PBXFileReference; lastKnownFileType = image.png; path = "Icon@2x.png"; sourceTree = "<group>"; };
		7360560E14FC4671007413CF /* ListenerUI.h */ = {isa = PBXFileReference; fileEncoding = 4; lastKnownFileType = sourcecode.c.h; path = ListenerUI.h; sourceTree = "<group>"; };
		7360560F14FC4671007413CF /* ListenerUI.m */ = {isa = PBXFileReference; fileEncoding = 4; lastKnownFileType = sourcecode.c.objc; path = ListenerUI.m; sourceTree = "<group>"; };
		736BA7D514D81E0900AF88D9 /* GSStar.h */ = {isa = PBXFileReference; fileEncoding = 4; lastKnownFileType = sourcecode.c.h; path = GSStar.h; sourceTree = "<group>"; };
		736BA7D614D81E0900AF88D9 /* GSStar.m */ = {isa = PBXFileReference; fileEncoding = 4; lastKnownFileType = sourcecode.c.objc; path = GSStar.m; sourceTree = "<group>"; };
		7370DE6414E4273F00583DBA /* GSNetworkController.h */ = {isa = PBXFileReference; fileEncoding = 4; lastKnownFileType = sourcecode.c.h; path = GSNetworkController.h; sourceTree = "<group>"; };
		7370DE6514E4273F00583DBA /* GSNetworkController.m */ = {isa = PBXFileReference; fileEncoding = 4; lastKnownFileType = sourcecode.c.objc; path = GSNetworkController.m; sourceTree = "<group>"; };
		7378751714E146FB003387D2 /* FXTremolo.h */ = {isa = PBXFileReference; fileEncoding = 4; lastKnownFileType = sourcecode.c.h; path = FXTremolo.h; sourceTree = "<group>"; };
		7378751914E147C9003387D2 /* FXDelay.h */ = {isa = PBXFileReference; fileEncoding = 4; lastKnownFileType = sourcecode.c.h; path = FXDelay.h; sourceTree = "<group>"; };
		7378751A14E14923003387D2 /* FXFilter.h */ = {isa = PBXFileReference; fileEncoding = 4; lastKnownFileType = sourcecode.c.h; path = FXFilter.h; sourceTree = "<group>"; };
		7378751B14E149A8003387D2 /* FXBitcrusher.h */ = {isa = PBXFileReference; fileEncoding = 4; lastKnownFileType = sourcecode.c.h; path = FXBitcrusher.h; sourceTree = "<group>"; };
		738701BF14D7596400F196AF /* GSCircle.h */ = {isa = PBXFileReference; fileEncoding = 4; lastKnownFileType = sourcecode.c.h; path = GSCircle.h; sourceTree = "<group>"; };
		738701C014D7596400F196AF /* GSCircle.m */ = {isa = PBXFileReference; fileEncoding = 4; lastKnownFileType = sourcecode.c.objc; path = GSCircle.m; sourceTree = "<group>"; };
		738B28EA14F3B27C007A3834 /* CoreAudio.framework */ = {isa = PBXFileReference; lastKnownFileType = wrapper.framework; name = CoreAudio.framework; path = System/Library/Frameworks/CoreAudio.framework; sourceTree = SDKROOT; };
		738B28EC14F3B285007A3834 /* AudioToolbox.framework */ = {isa = PBXFileReference; lastKnownFileType = wrapper.framework; name = AudioToolbox.framework; path = System/Library/Frameworks/AudioToolbox.framework; sourceTree = SDKROOT; };
		738BBCA914994EA600EF9712 /* graphicscore.app */ = {isa = PBXFileReference; explicitFileType = wrapper.application; includeInIndex = 0; path = graphicscore.app; sourceTree = BUILT_PRODUCTS_DIR; };
		738BBCAD14994EA600EF9712 /* UIKit.framework */ = {isa = PBXFileReference; lastKnownFileType = wrapper.framework; name = UIKit.framework; path = System/Library/Frameworks/UIKit.framework; sourceTree = SDKROOT; };
		738BBCAF14994EA600EF9712 /* Foundation.framework */ = {isa = PBXFileReference; lastKnownFileType = wrapper.framework; name = Foundation.framework; path = System/Library/Frameworks/Foundation.framework; sourceTree = SDKROOT; };
		738BBCB114994EA600EF9712 /* CoreGraphics.framework */ = {isa = PBXFileReference; lastKnownFileType = wrapper.framework; name = CoreGraphics.framework; path = System/Library/Frameworks/CoreGraphics.framework; sourceTree = SDKROOT; };
		738BBCB514994EA600EF9712 /* graphicscore-Info.plist */ = {isa = PBXFileReference; lastKnownFileType = text.plist.xml; path = "graphicscore-Info.plist"; sourceTree = "<group>"; };
		738BBCB714994EA600EF9712 /* en */ = {isa = PBXFileReference; lastKnownFileType = text.plist.strings; name = en; path = en.lproj/InfoPlist.strings; sourceTree = "<group>"; };
		738BBCB914994EA600EF9712 /* main.mm */ = {isa = PBXFileReference; lastKnownFileType = sourcecode.cpp.objcpp; path = main.mm; sourceTree = "<group>"; };
		738BBCBB14994EA600EF9712 /* graphicscore-Prefix.pch */ = {isa = PBXFileReference; lastKnownFileType = sourcecode.c.h; path = "graphicscore-Prefix.pch"; sourceTree = "<group>"; };
		738BBCBC14994EA600EF9712 /* AppDelegate.h */ = {isa = PBXFileReference; lastKnownFileType = sourcecode.c.h; path = AppDelegate.h; sourceTree = "<group>"; };
		738BBCBD14994EA600EF9712 /* AppDelegate.mm */ = {isa = PBXFileReference; lastKnownFileType = sourcecode.cpp.objcpp; path = AppDelegate.mm; sourceTree = "<group>"; };
		738BBCBF14994EA600EF9712 /* ViewController.h */ = {isa = PBXFileReference; lastKnownFileType = sourcecode.c.h; path = ViewController.h; sourceTree = "<group>"; };
		738BBCC014994EA600EF9712 /* ViewController.m */ = {isa = PBXFileReference; lastKnownFileType = sourcecode.c.objc; path = ViewController.m; sourceTree = "<group>"; };
		738BBCD21499580300EF9712 /* start.png */ = {isa = PBXFileReference; lastKnownFileType = image.png; path = start.png; sourceTree = "<group>"; };
		738BBCD31499580300EF9712 /* start@2x.png */ = {isa = PBXFileReference; lastKnownFileType = image.png; path = "start@2x.png"; sourceTree = "<group>"; };
		738BBCD61499593D00EF9712 /* start_pressed.png */ = {isa = PBXFileReference; lastKnownFileType = image.png; path = start_pressed.png; sourceTree = "<group>"; };
		738BBCD71499593D00EF9712 /* start_pressed@2x.png */ = {isa = PBXFileReference; lastKnownFileType = image.png; path = "start_pressed@2x.png"; sourceTree = "<group>"; };
		738BBCDB1499605900EF9712 /* UserScreen.h */ = {isa = PBXFileReference; fileEncoding = 4; lastKnownFileType = sourcecode.c.h; path = UserScreen.h; sourceTree = "<group>"; };
		738BBCDC1499605900EF9712 /* UserScreen.m */ = {isa = PBXFileReference; fileEncoding = 4; lastKnownFileType = sourcecode.c.objc; path = UserScreen.m; sourceTree = "<group>"; };
		738E99A614FCE73600EB9CF9 /* RemoteMonitor.h */ = {isa = PBXFileReference; fileEncoding = 4; lastKnownFileType = sourcecode.c.h; path = RemoteMonitor.h; sourceTree = "<group>"; };
		738E99A714FCE73600EB9CF9 /* RemoteMonitor.m */ = {isa = PBXFileReference; fileEncoding = 4; lastKnownFileType = sourcecode.c.objc; path = RemoteMonitor.m; sourceTree = "<group>"; };
		73A43B1914DD5C700019A213 /* exit_button.png */ = {isa = PBXFileReference; lastKnownFileType = image.png; path = exit_button.png; sourceTree = "<group>"; };
		73A43B1A14DD5C700019A213 /* exit_button@2x.png */ = {isa = PBXFileReference; lastKnownFileType = image.png; path = "exit_button@2x.png"; sourceTree = "<group>"; };
		73B3564014D1B48C00EC9EE3 /* Palette.h */ = {isa = PBXFileReference; fileEncoding = 4; lastKnownFileType = sourcecode.c.h; path = Palette.h; sourceTree = "<group>"; };
		73B3564114D1B48C00EC9EE3 /* Palette.m */ = {isa = PBXFileReference; fileEncoding = 4; lastKnownFileType = sourcecode.c.objc; path = Palette.m; sourceTree = "<group>"; };
		73BADBC2150F563C0097804B /* background.png */ = {isa = PBXFileReference; lastKnownFileType = image.png; path = background.png; sourceTree = "<group>"; };
		73BADBC3150F563C0097804B /* background@2x.png */ = {isa = PBXFileReference; lastKnownFileType = image.png; path = "background@2x.png"; sourceTree = "<group>"; };
		73BADBC6150F59630097804B /* QuartzCore.framework */ = {isa = PBXFileReference; lastKnownFileType = wrapper.framework; name = QuartzCore.framework; path = System/Library/Frameworks/QuartzCore.framework; sourceTree = SDKROOT; };
		73CB2EFA14DC46F300D4709E /* GSShape.h */ = {isa = PBXFileReference; fileEncoding = 4; lastKnownFileType = sourcecode.c.h; path = GSShape.h; sourceTree = "<group>"; };
		73CB2EFB14DC46F300D4709E /* GSShape.m */ = {isa = PBXFileReference; fileEncoding = 4; lastKnownFileType = sourcecode.c.objc; path = GSShape.m; sourceTree = "<group>"; };
		73CB2EFD14DC4A0300D4709E /* Shapes.h */ = {isa = PBXFileReference; lastKnownFileType = sourcecode.c.h; path = Shapes.h; sourceTree = "<group>"; };
		73CB2EFF14DC52FD00D4709E /* GSShapePalette.h */ = {isa = PBXFileReference; fileEncoding = 4; lastKnownFileType = sourcecode.c.h; path = GSShapePalette.h; sourceTree = "<group>"; };
		73CB2F0014DC52FD00D4709E /* GSShapePalette.m */ = {isa = PBXFileReference; fileEncoding = 4; lastKnownFileType = sourcecode.c.objc; path = GSShapePalette.m; sourceTree = "<group>"; };
		73DF0D1514DE9EF1002C169C /* CAController.h */ = {isa = PBXFileReference; fileEncoding = 4; lastKnownFileType = sourcecode.c.h; path = CAController.h; sourceTree = "<group>"; };
		73DF0D1614DE9EF1002C169C /* CAController.mm */ = {isa = PBXFileReference; fileEncoding = 4; lastKnownFileType = sourcecode.cpp.objcpp; path = CAController.mm; sourceTree = "<group>"; };
		73DF0D2014DEAA29002C169C /* Parameteriser.h */ = {isa = PBXFileReference; fileEncoding = 4; lastKnownFileType = sourcecode.c.h; path = Parameteriser.h; sourceTree = "<group>"; };
		73DF0D2114DEAA29002C169C /* Parameteriser.mm */ = {isa = PBXFileReference; fileEncoding = 4; lastKnownFileType = sourcecode.cpp.objcpp; path = Parameteriser.mm; sourceTree = "<group>"; };
		73E95E3A14E0007A009360AD /* maximilian.cpp */ = {isa = PBXFileReference; fileEncoding = 4; lastKnownFileType = sourcecode.cpp.cpp; path = maximilian.cpp; sourceTree = "<group>"; };
		73E95E3B14E0007A009360AD /* maximilian.h */ = {isa = PBXFileReference; fileEncoding = 4; lastKnownFileType = sourcecode.c.h; path = maximilian.h; sourceTree = "<group>"; };
		73FEF27C14DEAF6C0099B1D9 /* ParameteriserDelegateProtocol.h */ = {isa = PBXFileReference; fileEncoding = 4; lastKnownFileType = sourcecode.c.h; path = ParameteriserDelegateProtocol.h; sourceTree = "<group>"; };
/* End PBXFileReference section */

/* Begin PBXFrameworksBuildPhase section */
		738BBCA614994EA600EF9712 /* Frameworks */ = {
			isa = PBXFrameworksBuildPhase;
			buildActionMask = 2147483647;
			files = (
				73BADBC7150F59630097804B /* QuartzCore.framework in Frameworks */,
				738B28ED14F3B285007A3834 /* AudioToolbox.framework in Frameworks */,
				738B28EB14F3B27C007A3834 /* CoreAudio.framework in Frameworks */,
				738BBCAE14994EA600EF9712 /* UIKit.framework in Frameworks */,
				738BBCB014994EA600EF9712 /* Foundation.framework in Frameworks */,
				738BBCB214994EA600EF9712 /* CoreGraphics.framework in Frameworks */,
			);
			runOnlyForDeploymentPostprocessing = 0;
		};
/* End PBXFrameworksBuildPhase section */

/* Begin PBXGroup section */
		73237394149A060900D86DFC /* Core Assets */ = {
			isa = PBXGroup;
			children = (
				73F26CB21503C90C006B2106 /* Audio Files */,
				73F26CB11503C904006B2106 /* Buttons + Graphics */,
			);
			name = "Core Assets";
			sourceTree = "<group>";
		};
		7323739E149A0B7E00D86DFC /* UI */ = {
			isa = PBXGroup;
			children = (
				732373A2149A0C4F00D86DFC /* NSPoint */,
				7329855E14FCE3FC00DF0DF8 /* Listen Mode */,
				739F964714FCE3D500E34381 /* Multiplayer */,
			);
			name = UI;
			sourceTree = "<group>";
		};
		732373A2149A0C4F00D86DFC /* NSPoint */ = {
			isa = PBXGroup;
			children = (
				732373A3149A0C5C00D86DFC /* NSPoint.h */,
				732373A4149A0C5C00D86DFC /* NSPoint.m */,
			);
			name = NSPoint;
			sourceTree = "<group>";
		};
		7329855E14FCE3FC00DF0DF8 /* Listen Mode */ = {
			isa = PBXGroup;
			children = (
				7329856014FCE40900DF0DF8 /* Drawing */,
				73CEF82B14FBBFA700712A58 /* Listen Display */,
			);
			name = "Listen Mode";
			sourceTree = "<group>";
		};
		7329856014FCE40900DF0DF8 /* Drawing */ = {
			isa = PBXGroup;
			children = (
				738E99A614FCE73600EB9CF9 /* RemoteMonitor.h */,
				738E99A714FCE73600EB9CF9 /* RemoteMonitor.m */,
			);
			name = Drawing;
			sourceTree = "<group>";
		};
		73477E7B14E140CB008C1F17 /* FX Library */ = {
			isa = PBXGroup;
			children = (
				734AA41714E1439800990E5A /* FXLibrary.h */,
				7341794014E144FB00D4AAE2 /* FXDistortion.h */,
				7341794314E145BD00D4AAE2 /* FXFlanger.h */,
				7378751714E146FB003387D2 /* FXTremolo.h */,
				7378751914E147C9003387D2 /* FXDelay.h */,
				7378751A14E14923003387D2 /* FXFilter.h */,
				7378751B14E149A8003387D2 /* FXBitcrusher.h */,
			);
			name = "FX Library";
			sourceTree = "<group>";
		};
		734CBFF714D7F94600546EAC /* Lib */ = {
			isa = PBXGroup;
			children = (
				73CB2EFA14DC46F300D4709E /* GSShape.h */,
				73CB2EFB14DC46F300D4709E /* GSShape.m */,
				738701BF14D7596400F196AF /* GSCircle.h */,
				738701C014D7596400F196AF /* GSCircle.m */,
				734CBFED14D7EB4600546EAC /* GSQuadrilateral.h */,
				734CBFEE14D7EB4600546EAC /* GSQuadrilateral.m */,
				734CBFF114D7F3A200546EAC /* GSTriangle.h */,
				734CBFF214D7F3A200546EAC /* GSTriangle.m */,
				736BA7D514D81E0900AF88D9 /* GSStar.h */,
				736BA7D614D81E0900AF88D9 /* GSStar.m */,
			);
			name = Lib;
			sourceTree = "<group>";
		};
		735AABC01503C98A00441A5E /* evp */ = {
			isa = PBXGroup;
			children = (
				735AABC11503C98A00441A5E /* evp_1.wav */,
				735AABC21503C98A00441A5E /* evp_2.wav */,
				735AABC31503C98A00441A5E /* evp_3.wav */,
				735AABC41503C98A00441A5E /* evp_4.wav */,
				735AABC51503C98A00441A5E /* evp_5ths_1.wav */,
				735AABC61503C98A00441A5E /* evp_5ths_2.wav */,
				735AABC71503C98A00441A5E /* evp_5ths_3.wav */,
				735AABC81503C98A00441A5E /* evp_5ths_4.wav */,
				735AABC91503C98A00441A5E /* evp_odd_1.wav */,
				735AABCA1503C98A00441A5E /* evp_odd_2.wav */,
				735AABCB1503C98A00441A5E /* evp_odd_3.wav */,
				735AABCC1503C98A00441A5E /* evp_odd_4.wav */,
			);
			path = evp;
			sourceTree = "<group>";
		};
		735AABCD1503C98A00441A5E /* guitar */ = {
			isa = PBXGroup;
			children = (
				735AABCE1503C98A00441A5E /* 12st_1.wav */,
				735AABCF1503C98A00441A5E /* 12st_2.wav */,
				735AABD01503C98A00441A5E /* 12st_3.wav */,
				735AABD11503C98A00441A5E /* 12st_4.wav */,
				735AABD21503C98A00441A5E /* 12st_5ths_1.wav */,
				735AABD31503C98A00441A5E /* 12st_5ths_2.wav */,
				735AABD41503C98A00441A5E /* 12st_5ths_3.wav */,
				735AABD51503C98A00441A5E /* 12st_5ths_4.wav */,
				735AABD61503C98A00441A5E /* 12st_odd_1.wav */,
				735AABD71503C98A00441A5E /* 12st_odd_2.wav */,
				735AABD81503C98A00441A5E /* 12st_odd_3.wav */,
				735AABD91503C98A00441A5E /* 12st_odd_4.wav */,
			);
			path = guitar;
			sourceTree = "<group>";
		};
		735AABDA1503C98A00441A5E /* piano */ = {
			isa = PBXGroup;
			children = (
				735AABDB1503C98A00441A5E /* piano_1.wav */,
				735AABDC1503C98A00441A5E /* piano_2.wav */,
				735AABDD1503C98A00441A5E /* piano_3.wav */,
				735AABDE1503C98A00441A5E /* piano_4.wav */,
				735AABDF1503C98A00441A5E /* piano_5ths_1.wav */,
				735AABE01503C98A00441A5E /* piano_5ths_2.wav */,
				735AABE11503C98A00441A5E /* piano_5ths_3.wav */,
				735AABE21503C98A00441A5E /* piano_5ths_4.wav */,
				735AABE31503C98A00441A5E /* piano_odd_1.wav */,
				735AABE41503C98A00441A5E /* piano_odd_2.wav */,
				735AABE51503C98A00441A5E /* piano_odd_3.wav */,
				735AABE61503C98A00441A5E /* piano_odd_4.wav */,
			);
			path = piano;
			sourceTree = "<group>";
		};
		7370DE6214E4272A00583DBA /* Network Controller */ = {
			isa = PBXGroup;
			children = (
				7370DE6414E4273F00583DBA /* GSNetworkController.h */,
				7370DE6514E4273F00583DBA /* GSNetworkController.m */,
				732F0309150616CA00B4ED00 /* GSNetworkProtocols.h */,
			);
			name = "Network Controller";
			sourceTree = "<group>";
		};
		738BBC9E14994EA600EF9712 = {
			isa = PBXGroup;
			children = (
				738BBCB314994EA600EF9712 /* graphicscore */,
				738BBCAC14994EA600EF9712 /* Frameworks */,
				738BBCAA14994EA600EF9712 /* Products */,
			);
			sourceTree = "<group>";
		};
		738BBCAA14994EA600EF9712 /* Products */ = {
			isa = PBXGroup;
			children = (
				738BBCA914994EA600EF9712 /* graphicscore.app */,
			);
			name = Products;
			sourceTree = "<group>";
		};
		738BBCAC14994EA600EF9712 /* Frameworks */ = {
			isa = PBXGroup;
			children = (
				73BADBC6150F59630097804B /* QuartzCore.framework */,
				738B28EC14F3B285007A3834 /* AudioToolbox.framework */,
				738B28EA14F3B27C007A3834 /* CoreAudio.framework */,
				738BBCAD14994EA600EF9712 /* UIKit.framework */,
				738BBCAF14994EA600EF9712 /* Foundation.framework */,
				738BBCB114994EA600EF9712 /* CoreGraphics.framework */,
			);
			name = Frameworks;
			sourceTree = "<group>";
		};
		738BBCB314994EA600EF9712 /* graphicscore */ = {
			isa = PBXGroup;
			children = (
				7370DE6214E4272A00583DBA /* Network Controller */,
				73477E7B14E140CB008C1F17 /* FX Library */,
				73E95E3814E0005F009360AD /* Maximilian */,
				73DF0D1314DE9E6D002C169C /* Audio Interface */,
				73237394149A060900D86DFC /* Core Assets */,
				738BBCCB14994FC500EF9712 /* Main Screen */,
				738BBCDA1499602700EF9712 /* Player Screen */,
				738BBCCA14994FBC00EF9712 /* App Delegate */,
				738BBCB414994EA600EF9712 /* Supporting Files */,
			);
			path = graphicscore;
			sourceTree = "<group>";
		};
		738BBCB414994EA600EF9712 /* Supporting Files */ = {
			isa = PBXGroup;
			children = (
				738BBCB514994EA600EF9712 /* graphicscore-Info.plist */,
				738BBCB614994EA600EF9712 /* InfoPlist.strings */,
				738BBCB914994EA600EF9712 /* main.mm */,
				738BBCBB14994EA600EF9712 /* graphicscore-Prefix.pch */,
			);
			name = "Supporting Files";
			sourceTree = "<group>";
		};
		738BBCCA14994FBC00EF9712 /* App Delegate */ = {
			isa = PBXGroup;
			children = (
				738BBCBC14994EA600EF9712 /* AppDelegate.h */,
				738BBCBD14994EA600EF9712 /* AppDelegate.mm */,
			);
			name = "App Delegate";
			sourceTree = "<group>";
		};
		738BBCCB14994FC500EF9712 /* Main Screen */ = {
			isa = PBXGroup;
			children = (
				738BBCD1149957E300EF9712 /* Media */,
				738BBCBF14994EA600EF9712 /* ViewController.h */,
				738BBCC014994EA600EF9712 /* ViewController.m */,
			);
			name = "Main Screen";
			sourceTree = "<group>";
		};
		738BBCD1149957E300EF9712 /* Media */ = {
			isa = PBXGroup;
			children = (
				738BBCD21499580300EF9712 /* start.png */,
				738BBCD31499580300EF9712 /* start@2x.png */,
				738BBCD61499593D00EF9712 /* start_pressed.png */,
				738BBCD71499593D00EF9712 /* start_pressed@2x.png */,
				7328D2DD14FBD3DA000525DA /* listen_pressed.png */,
				7328D2DE14FBD3DA000525DA /* listen_pressed@2x.png */,
				7328D2DF14FBD3DA000525DA /* listen.png */,
				7328D2E014FBD3DA000525DA /* listen@2x.png */,
			);
			name = Media;
			sourceTree = "<group>";
		};
		738BBCDA1499602700EF9712 /* Player Screen */ = {
			isa = PBXGroup;
			children = (
				73DF0D1F14DEA9EA002C169C /* Parameteriser */,
				73CB2EF814DC46D400D4709E /* GSShapes */,
				73B3563E14D1B45F00EC9EE3 /* Palette */,
				7323739E149A0B7E00D86DFC /* UI */,
			);
			name = "Player Screen";
			path = ..;
			sourceTree = "<group>";
		};
		739F964714FCE3D500E34381 /* Multiplayer */ = {
			isa = PBXGroup;
			children = (
				73CB2F0214DC600000D4709E /* User Display */,
				73CB2F0314DC600B00D4709E /* Touch Handling */,
			);
			name = Multiplayer;
			sourceTree = "<group>";
		};
		73B3563E14D1B45F00EC9EE3 /* Palette */ = {
			isa = PBXGroup;
			children = (
				73B3564014D1B48C00EC9EE3 /* Palette.h */,
				73B3564114D1B48C00EC9EE3 /* Palette.m */,
			);
			name = Palette;
			sourceTree = "<group>";
		};
		73CB2EF814DC46D400D4709E /* GSShapes */ = {
			isa = PBXGroup;
			children = (
				73CB2EFD14DC4A0300D4709E /* Shapes.h */,
				73CB2EFE14DC52DB00D4709E /* Shape Palette */,
				734CBFF714D7F94600546EAC /* Lib */,
			);
			name = GSShapes;
			sourceTree = "<group>";
		};
		73CB2EFE14DC52DB00D4709E /* Shape Palette */ = {
			isa = PBXGroup;
			children = (
				73CB2EFF14DC52FD00D4709E /* GSShapePalette.h */,
				73CB2F0014DC52FD00D4709E /* GSShapePalette.m */,
			);
			name = "Shape Palette";
			sourceTree = "<group>";
		};
		73CB2F0214DC600000D4709E /* User Display */ = {
			isa = PBXGroup;
			children = (
				738BBCDB1499605900EF9712 /* UserScreen.h */,
				738BBCDC1499605900EF9712 /* UserScreen.m */,
			);
			name = "User Display";
			sourceTree = "<group>";
		};
		73CB2F0314DC600B00D4709E /* Touch Handling */ = {
			isa = PBXGroup;
			children = (
				7323739F149A0B9F00D86DFC /* TouchArea.h */,
				732373A0149A0B9F00D86DFC /* TouchArea.m */,
			);
			name = "Touch Handling";
			sourceTree = "<group>";
		};
		73CEF82B14FBBFA700712A58 /* Listen Display */ = {
			isa = PBXGroup;
			children = (
				7360560E14FC4671007413CF /* ListenerUI.h */,
				7360560F14FC4671007413CF /* ListenerUI.m */,
			);
			name = "Listen Display";
			sourceTree = "<group>";
		};
		73DF0D1314DE9E6D002C169C /* Audio Interface */ = {
			isa = PBXGroup;
			children = (
				73DF0D1514DE9EF1002C169C /* CAController.h */,
				73DF0D1614DE9EF1002C169C /* CAController.mm */,
			);
			name = "Audio Interface";
			sourceTree = "<group>";
		};
		73DF0D1F14DEA9EA002C169C /* Parameteriser */ = {
			isa = PBXGroup;
			children = (
				73FEF27C14DEAF6C0099B1D9 /* ParameteriserDelegateProtocol.h */,
				73DF0D2014DEAA29002C169C /* Parameteriser.h */,
				73DF0D2114DEAA29002C169C /* Parameteriser.mm */,
			);
			name = Parameteriser;
			sourceTree = "<group>";
		};
		73E95E3814E0005F009360AD /* Maximilian */ = {
			isa = PBXGroup;
			children = (
				73E95E3A14E0007A009360AD /* maximilian.cpp */,
				73E95E3B14E0007A009360AD /* maximilian.h */,
			);
			name = Maximilian;
			path = ..;
			sourceTree = "<group>";
		};
		73F26CB11503C904006B2106 /* Buttons + Graphics */ = {
			isa = PBXGroup;
			children = (
				73A43B1914DD5C700019A213 /* exit_button.png */,
				73A43B1A14DD5C700019A213 /* exit_button@2x.png */,
				735D0CF114D1C56E000E83FA /* Icon.png */,
				735D0CF214D1C56E000E83FA /* Icon@2x.png */,
				73BADBC2150F563C0097804B /* background.png */,
				73BADBC3150F563C0097804B /* background@2x.png */,
				73237398149A062000D86DFC /* logo.png */,
				73237399149A062000D86DFC /* logo@2x.png */,
			);
			name = "Buttons + Graphics";
			sourceTree = "<group>";
		};
		73F26CB21503C90C006B2106 /* Audio Files */ = {
			isa = PBXGroup;
			children = (
				735AABC01503C98A00441A5E /* evp */,
				735AABCD1503C98A00441A5E /* guitar */,
				735AABDA1503C98A00441A5E /* piano */,
			);
			name = "Audio Files";
			sourceTree = "<group>";
		};
/* End PBXGroup section */

/* Begin PBXNativeTarget section */
		738BBCA814994EA600EF9712 /* graphicscore */ = {
			isa = PBXNativeTarget;
			buildConfigurationList = 738BBCC714994EA600EF9712 /* Build configuration list for PBXNativeTarget "graphicscore" */;
			buildPhases = (
				738BBCA514994EA600EF9712 /* Sources */,
				738BBCA614994EA600EF9712 /* Frameworks */,
				738BBCA714994EA600EF9712 /* Resources */,
			);
			buildRules = (
			);
			dependencies = (
			);
			name = graphicscore;
			productName = graphicscore;
			productReference = 738BBCA914994EA600EF9712 /* graphicscore.app */;
			productType = "com.apple.product-type.application";
		};
/* End PBXNativeTarget section */

/* Begin PBXProject section */
		738BBCA014994EA600EF9712 /* Project object */ = {
			isa = PBXProject;
			attributes = {
				LastUpgradeCheck = 0430;
				ORGANIZATIONNAME = zebpedersen;
			};
			buildConfigurationList = 738BBCA314994EA600EF9712 /* Build configuration list for PBXProject "graphicscore" */;
			compatibilityVersion = "Xcode 3.2";
			developmentRegion = English;
			hasScannedForEncodings = 0;
			knownRegions = (
				en,
			);
			mainGroup = 738BBC9E14994EA600EF9712;
			productRefGroup = 738BBCAA14994EA600EF9712 /* Products */;
			projectDirPath = "";
			projectRoot = "";
			targets = (
				738BBCA814994EA600EF9712 /* graphicscore */,
			);
		};
/* End PBXProject section */

/* Begin PBXResourcesBuildPhase section */
		738BBCA714994EA600EF9712 /* Resources */ = {
			isa = PBXResourcesBuildPhase;
			buildActionMask = 2147483647;
			files = (
				738BBCB814994EA600EF9712 /* InfoPlist.strings in Resources */,
				738BBCD41499580300EF9712 /* start.png in Resources */,
				738BBCD51499580300EF9712 /* start@2x.png in Resources */,
				738BBCD81499593D00EF9712 /* start_pressed.png in Resources */,
				738BBCD91499593D00EF9712 /* start_pressed@2x.png in Resources */,
				7323739C149A062000D86DFC /* logo.png in Resources */,
				7323739D149A062000D86DFC /* logo@2x.png in Resources */,
				735D0CF314D1C56E000E83FA /* Icon.png in Resources */,
				735D0CF414D1C56E000E83FA /* Icon@2x.png in Resources */,
				73A43B1B14DD5C700019A213 /* exit_button.png in Resources */,
				73A43B1C14DD5C700019A213 /* exit_button@2x.png in Resources */,
				7328D2E114FBD3DA000525DA /* listen_pressed.png in Resources */,
				7328D2E214FBD3DA000525DA /* listen_pressed@2x.png in Resources */,
				7328D2E314FBD3DA000525DA /* listen.png in Resources */,
				7328D2E414FBD3DA000525DA /* listen@2x.png in Resources */,
				735AABF31503C98A00441A5E /* evp_1.wav in Resources */,
				735AABF41503C98A00441A5E /* evp_2.wav in Resources */,
				735AABF51503C98A00441A5E /* evp_3.wav in Resources */,
				735AABF61503C98A00441A5E /* evp_4.wav in Resources */,
				735AABF71503C98A00441A5E /* evp_5ths_1.wav in Resources */,
				735AABF81503C98A00441A5E /* evp_5ths_2.wav in Resources */,
				735AABF91503C98A00441A5E /* evp_5ths_3.wav in Resources */,
				735AABFA1503C98A00441A5E /* evp_5ths_4.wav in Resources */,
				735AABFB1503C98A00441A5E /* evp_odd_1.wav in Resources */,
				735AABFC1503C98A00441A5E /* evp_odd_2.wav in Resources */,
				735AABFD1503C98A00441A5E /* evp_odd_3.wav in Resources */,
				735AABFE1503C98A00441A5E /* evp_odd_4.wav in Resources */,
				735AABFF1503C98A00441A5E /* 12st_1.wav in Resources */,
				735AAC001503C98A00441A5E /* 12st_2.wav in Resources */,
				735AAC011503C98A00441A5E /* 12st_3.wav in Resources */,
				735AAC021503C98A00441A5E /* 12st_4.wav in Resources */,
				735AAC031503C98A00441A5E /* 12st_5ths_1.wav in Resources */,
				735AAC041503C98A00441A5E /* 12st_5ths_2.wav in Resources */,
				735AAC051503C98A00441A5E /* 12st_5ths_3.wav in Resources */,
				735AAC061503C98A00441A5E /* 12st_5ths_4.wav in Resources */,
				735AAC071503C98A00441A5E /* 12st_odd_1.wav in Resources */,
				735AAC081503C98A00441A5E /* 12st_odd_2.wav in Resources */,
				735AAC091503C98A00441A5E /* 12st_odd_3.wav in Resources */,
				735AAC0A1503C98A00441A5E /* 12st_odd_4.wav in Resources */,
				735AAC0B1503C98A00441A5E /* piano_1.wav in Resources */,
				735AAC0C1503C98A00441A5E /* piano_2.wav in Resources */,
				735AAC0D1503C98A00441A5E /* piano_3.wav in Resources */,
				735AAC0E1503C98A00441A5E /* piano_4.wav in Resources */,
				735AAC0F1503C98A00441A5E /* piano_5ths_1.wav in Resources */,
				735AAC101503C98A00441A5E /* piano_5ths_2.wav in Resources */,
				735AAC111503C98A00441A5E /* piano_5ths_3.wav in Resources */,
				735AAC121503C98A00441A5E /* piano_5ths_4.wav in Resources */,
				735AAC131503C98A00441A5E /* piano_odd_1.wav in Resources */,
				735AAC141503C98A00441A5E /* piano_odd_2.wav in Resources */,
				735AAC151503C98A00441A5E /* piano_odd_3.wav in Resources */,
				735AAC161503C98A00441A5E /* piano_odd_4.wav in Resources */,
				73BADBC4150F563C0097804B /* background.png in Resources */,
				73BADBC5150F563C0097804B /* background@2x.png in Resources */,
			);
			runOnlyForDeploymentPostprocessing = 0;
		};
/* End PBXResourcesBuildPhase section */

/* Begin PBXSourcesBuildPhase section */
		738BBCA514994EA600EF9712 /* Sources */ = {
			isa = PBXSourcesBuildPhase;
			buildActionMask = 2147483647;
			files = (
				738BBCBA14994EA600EF9712 /* main.mm in Sources */,
				738BBCBE14994EA600EF9712 /* AppDelegate.mm in Sources */,
				738BBCC114994EA600EF9712 /* ViewController.m in Sources */,
				738BBCDD1499605900EF9712 /* UserScreen.m in Sources */,
				732373A1149A0B9F00D86DFC /* TouchArea.m in Sources */,
				732373A5149A0C5C00D86DFC /* NSPoint.m in Sources */,
				73B3564214D1B48C00EC9EE3 /* Palette.m in Sources */,
				738701C114D7596400F196AF /* GSCircle.m in Sources */,
				734CBFEF14D7EB4600546EAC /* GSQuadrilateral.m in Sources */,
				734CBFF314D7F3A200546EAC /* GSTriangle.m in Sources */,
				736BA7D714D81E0900AF88D9 /* GSStar.m in Sources */,
				73CB2EFC14DC46F300D4709E /* GSShape.m in Sources */,
				73CB2F0114DC52FD00D4709E /* GSShapePalette.m in Sources */,
				73DF0D1714DE9EF1002C169C /* CAController.mm in Sources */,
				73DF0D2214DEAA29002C169C /* Parameteriser.mm in Sources */,
				73E95E3C14E0007A009360AD /* maximilian.cpp in Sources */,
				7370DE6614E4273F00583DBA /* GSNetworkController.m in Sources */,
				7360561014FC4671007413CF /* ListenerUI.m in Sources */,
				738E99A814FCE73600EB9CF9 /* RemoteMonitor.m in Sources */,
			);
			runOnlyForDeploymentPostprocessing = 0;
		};
/* End PBXSourcesBuildPhase section */

/* Begin PBXVariantGroup section */
		738BBCB614994EA600EF9712 /* InfoPlist.strings */ = {
			isa = PBXVariantGroup;
			children = (
				738BBCB714994EA600EF9712 /* en */,
			);
			name = InfoPlist.strings;
			sourceTree = "<group>";
		};
/* End PBXVariantGroup section */

/* Begin XCBuildConfiguration section */
		738BBCC514994EA600EF9712 /* Debug */ = {
			isa = XCBuildConfiguration;
			buildSettings = {
				ALWAYS_SEARCH_USER_PATHS = NO;
				ARCHS = "$(ARCHS_STANDARD_32_BIT)";
				CLANG_ENABLE_OBJC_ARC = YES;
				"CODE_SIGN_IDENTITY[sdk=iphoneos*]" = "iPhone Developer";
				COPY_PHASE_STRIP = NO;
				GCC_C_LANGUAGE_STANDARD = gnu99;
				GCC_DYNAMIC_NO_PIC = NO;
				GCC_OPTIMIZATION_LEVEL = 0;
				GCC_PREPROCESSOR_DEFINITIONS = (
					"DEBUG=1",
					"$(inherited)",
				);
				GCC_SYMBOLS_PRIVATE_EXTERN = NO;
				GCC_VERSION = com.apple.compilers.llvm.clang.1_0;
				GCC_WARN_ABOUT_MISSING_PROTOTYPES = YES;
				GCC_WARN_ABOUT_RETURN_TYPE = YES;
				GCC_WARN_UNUSED_VARIABLE = YES;
				IPHONEOS_DEPLOYMENT_TARGET = 5.0;
				SDKROOT = iphoneos;
			};
			name = Debug;
		};
		738BBCC614994EA600EF9712 /* Release */ = {
			isa = XCBuildConfiguration;
			buildSettings = {
				ALWAYS_SEARCH_USER_PATHS = NO;
				ARCHS = "$(ARCHS_STANDARD_32_BIT)";
				CLANG_ENABLE_OBJC_ARC = YES;
				"CODE_SIGN_IDENTITY[sdk=iphoneos*]" = "iPhone Developer";
				COPY_PHASE_STRIP = YES;
				GCC_C_LANGUAGE_STANDARD = gnu99;
				GCC_VERSION = com.apple.compilers.llvm.clang.1_0;
				GCC_WARN_ABOUT_MISSING_PROTOTYPES = YES;
				GCC_WARN_ABOUT_RETURN_TYPE = YES;
				GCC_WARN_UNUSED_VARIABLE = YES;
				IPHONEOS_DEPLOYMENT_TARGET = 5.0;
				OTHER_CFLAGS = "-DNS_BLOCK_ASSERTIONS=1";
				SDKROOT = iphoneos;
				VALIDATE_PRODUCT = YES;
			};
			name = Release;
		};
		738BBCC814994EA600EF9712 /* Debug */ = {
			isa = XCBuildConfiguration;
			buildSettings = {
				FRAMEWORK_SEARCH_PATHS = "$(inherited)";
				GCC_PRECOMPILE_PREFIX_HEADER = YES;
				GCC_PREFIX_HEADER = "graphicscore/graphicscore-Prefix.pch";
				INFOPLIST_FILE = "graphicscore/graphicscore-Info.plist";
				PRODUCT_NAME = "$(TARGET_NAME)";
				WRAPPER_EXTENSION = app;
			};
			name = Debug;
		};
		738BBCC914994EA600EF9712 /* Release */ = {
			isa = XCBuildConfiguration;
			buildSettings = {
				FRAMEWORK_SEARCH_PATHS = "$(inherited)";
				GCC_PRECOMPILE_PREFIX_HEADER = YES;
				GCC_PREFIX_HEADER = "graphicscore/graphicscore-Prefix.pch";
				INFOPLIST_FILE = "graphicscore/graphicscore-Info.plist";
				PRODUCT_NAME = "$(TARGET_NAME)";
				WRAPPER_EXTENSION = app;
			};
			name = Release;
		};
/* End XCBuildConfiguration section */

/* Begin XCConfigurationList section */
		738BBCA314994EA600EF9712 /* Build configuration list for PBXProject "graphicscore" */ = {
			isa = XCConfigurationList;
			buildConfigurations = (
				738BBCC514994EA600EF9712 /* Debug */,
				738BBCC614994EA600EF9712 /* Release */,
			);
			defaultConfigurationIsVisible = 0;
			defaultConfigurationName = Release;
		};
		738BBCC714994EA600EF9712 /* Build configuration list for PBXNativeTarget "graphicscore" */ = {
			isa = XCConfigurationList;
			buildConfigurations = (
				738BBCC814994EA600EF9712 /* Debug */,
				738BBCC914994EA600EF9712 /* Release */,
			);
			defaultConfigurationIsVisible = 0;
			defaultConfigurationName = Release;
		};
/* End XCConfigurationList section */
	};
	rootObject = 738BBCA014994EA600EF9712 /* Project object */;
}
